
Microsoft Visual Studio Solution File, Format Version 12.00
# Visual Studio Version 17
VisualStudioVersion = 17.4.33122.133
MinimumVisualStudioVersion = 10.0.40219.1
Project("{9A19103F-16F7-4668-BE54-9A1E7A4F7556}") = "NG6_R51", "NG6_R51.csproj", "{119E0059-1A6A-43F5-9A0B-49022EFB5717}"
EndProject
Global
	GlobalSection(SolutionConfigurationPlatforms) = preSolution
		Debug|Any CPU = Debug|Any CPU
		Release|Any CPU = Release|Any CPU
	EndGlobalSection
	GlobalSection(ProjectConfigurationPlatforms) = postSolution
		{119E0059-1A6A-43F5-9A0B-49022EFB5717}.Debug|Any CPU.ActiveCfg = Debug|Any CPU
		{119E0059-1A6A-43F5-9A0B-49022EFB5717}.Debug|Any CPU.Build.0 = Debug|Any CPU
		{119E0059-1A6A-43F5-9A0B-49022EFB5717}.Release|Any CPU.ActiveCfg = Release|Any CPU
		{119E0059-1A6A-43F5-9A0B-49022EFB5717}.Release|Any CPU.Build.0 = Release|Any CPU
	EndGlobalSection
	GlobalSection(SolutionProperties) = preSolution
		HideSolutionNode = FALSE
	EndGlobalSection
	GlobalSection(ExtensibilityGlobals) = postSolution
		SolutionGuid = {39F5D19E-782C-40EF-B8A4-CF721B19917C}
	EndGlobalSection
EndGlobal
